{
  "pid": 51276,
  "version": "2.1.211",
  "jsonPath": "/Users/praveen/.claude/daemon.json",
  "logPath": "/Users/praveen/.claude/daemon.log",
  "startedAt": 1784216483210,
  "origin": "transient",
  "spawnedBy": {
    "label": "claude",
    "cwd": "/Users/praveen/code/dotfiles",
    "pid": 48509
  },
  "procStart": "Thu Jul 16 15:41:22 2026",
  "launchTarget": "/Users/praveen/.local/share/claude/versions/2.1.211",
  "processWrapper": ""
}